
Microsoft Visual Studio Solution File, Format Version 12.00
# Visual Studio Version 16
VisualStudioVersion = 16.0.31005.135
MinimumVisualStudioVersion = 10.0.40219.1
Project("{FAE04EC0-301F-11D3-BF4B-00C04F79EFBC}") = "OefeningRandom", "OefeningRandom\OefeningRandom.csproj", "{6663ED18-591C-4ACB-9150-A5B4EFC0282B}"
EndProject
Project("{FAE04EC0-301F-11D3-BF4B-00C04F79EFBC}") = "Oefening2", "Oefening2\Oefening2.csproj", "{7D53B282-2067-489B-94AB-B0A5055F4574}"
EndProject
Project("{FAE04EC0-301F-11D3-BF4B-00C04F79EFBC}") = "Oefening3", "Oefening3\Oefening3.csproj", "{8930C082-3550-4D51-B476-EDDBE2DDF0A2}"
EndProject
Project("{FAE04EC0-301F-11D3-BF4B-00C04F79EFBC}") = "Oefening4", "Oefening4\Oefening4.csproj", "{309C940B-C6AC-4D41-B0EC-45FBD3768335}"
EndProject
Project("{FAE04EC0-301F-11D3-BF4B-00C04F79EFBC}") = "Oefening5", "Oefening5\Oefening5.csproj", "{4BF4DFB6-61AE-469C-8111-7839032252D6}"
EndProject
Global
	GlobalSection(SolutionConfigurationPlatforms) = preSolution
		Debug|Any CPU = Debug|Any CPU
		Release|Any CPU = Release|Any CPU
	EndGlobalSection
	GlobalSection(ProjectConfigurationPlatforms) = postSolution
		{6663ED18-591C-4ACB-9150-A5B4EFC0282B}.Debug|Any CPU.ActiveCfg = Debug|Any CPU
		{6663ED18-591C-4ACB-9150-A5B4EFC0282B}.Debug|Any CPU.Build.0 = Debug|Any CPU
		{6663ED18-591C-4ACB-9150-A5B4EFC0282B}.Release|Any CPU.ActiveCfg = Release|Any CPU
		{6663ED18-591C-4ACB-9150-A5B4EFC0282B}.Release|Any CPU.Build.0 = Release|Any CPU
		{7D53B282-2067-489B-94AB-B0A5055F4574}.Debug|Any CPU.ActiveCfg = Debug|Any CPU
		{7D53B282-2067-489B-94AB-B0A5055F4574}.Debug|Any CPU.Build.0 = Debug|Any CPU
		{7D53B282-2067-489B-94AB-B0A5055F4574}.Release|Any CPU.ActiveCfg = Release|Any CPU
		{7D53B282-2067-489B-94AB-B0A5055F4574}.Release|Any CPU.Build.0 = Release|Any CPU
		{8930C082-3550-4D51-B476-EDDBE2DDF0A2}.Debug|Any CPU.ActiveCfg = Debug|Any CPU
		{8930C082-3550-4D51-B476-EDDBE2DDF0A2}.Debug|Any CPU.Build.0 = Debug|Any CPU
		{8930C082-3550-4D51-B476-EDDBE2DDF0A2}.Release|Any CPU.ActiveCfg = Release|Any CPU
		{8930C082-3550-4D51-B476-EDDBE2DDF0A2}.Release|Any CPU.Build.0 = Release|Any CPU
		{309C940B-C6AC-4D41-B0EC-45FBD3768335}.Debug|Any CPU.ActiveCfg = Debug|Any CPU
		{309C940B-C6AC-4D41-B0EC-45FBD3768335}.Debug|Any CPU.Build.0 = Debug|Any CPU
		{309C940B-C6AC-4D41-B0EC-45FBD3768335}.Release|Any CPU.ActiveCfg = Release|Any CPU
		{309C940B-C6AC-4D41-B0EC-45FBD3768335}.Release|Any CPU.Build.0 = Release|Any CPU
		{4BF4DFB6-61AE-469C-8111-7839032252D6}.Debug|Any CPU.ActiveCfg = Debug|Any CPU
		{4BF4DFB6-61AE-469C-8111-7839032252D6}.Debug|Any CPU.Build.0 = Debug|Any CPU
		{4BF4DFB6-61AE-469C-8111-7839032252D6}.Release|Any CPU.ActiveCfg = Release|Any CPU
		{4BF4DFB6-61AE-469C-8111-7839032252D6}.Release|Any CPU.Build.0 = Release|Any CPU
	EndGlobalSection
	GlobalSection(SolutionProperties) = preSolution
		HideSolutionNode = FALSE
	EndGlobalSection
	GlobalSection(ExtensibilityGlobals) = postSolution
		SolutionGuid = {0BA68F1C-21ED-407B-941A-7529144A0400}
	EndGlobalSection
EndGlobal
